
Microsoft Visual Studio Solution File, Format Version 12.00
# Visual Studio Version 17
VisualStudioVersion = 17.14.36811.4 d17.14
MinimumVisualStudioVersion = 10.0.40219.1
Project("{FAE04EC0-301F-11D3-BF4B-00C04F79EFBC}") = "ex14m6", "ex14m6\ex14m6.csproj", "{06E2A750-84CB-4EBA-9D89-0F0B16BE3C21}"
EndProject
Global
	GlobalSection(SolutionConfigurationPlatforms) = preSolution
		Debug|Any CPU = Debug|Any CPU
		Release|Any CPU = Release|Any CPU
	EndGlobalSection
	GlobalSection(ProjectConfigurationPlatforms) = postSolution
		{06E2A750-84CB-4EBA-9D89-0F0B16BE3C21}.Debug|Any CPU.ActiveCfg = Debug|Any CPU
		{06E2A750-84CB-4EBA-9D89-0F0B16BE3C21}.Debug|Any CPU.Build.0 = Debug|Any CPU
		{06E2A750-84CB-4EBA-9D89-0F0B16BE3C21}.Release|Any CPU.ActiveCfg = Release|Any CPU
		{06E2A750-84CB-4EBA-9D89-0F0B16BE3C21}.Release|Any CPU.Build.0 = Release|Any CPU
	EndGlobalSection
	GlobalSection(SolutionProperties) = preSolution
		HideSolutionNode = FALSE
	EndGlobalSection
	GlobalSection(ExtensibilityGlobals) = postSolution
		SolutionGuid = {8085CD8A-A756-4F8C-B801-0BDCDFFD77C6}
	EndGlobalSection
EndGlobal
